
Microsoft Visual Studio Solution File, Format Version 12.00
# Visual Studio Version 16
VisualStudioVersion = 16.0.31702.278
MinimumVisualStudioVersion = 10.0.40219.1
Project("{FAE04EC0-301F-11D3-BF4B-00C04F79EFBC}") = "laboratorio_10.Android", "laboratorio_10\laboratorio_10.Android\laboratorio_10.Android.csproj", "{47A77C73-8D1C-474C-BE2C-655DE4BD3353}"
EndProject
Project("{FAE04EC0-301F-11D3-BF4B-00C04F79EFBC}") = "laboratorio_10.iOS", "laboratorio_10\laboratorio_10.iOS\laboratorio_10.iOS.csproj", "{F1A6CB57-5244-4483-9D83-EF67DC3BC632}"
EndProject
Project("{FAE04EC0-301F-11D3-BF4B-00C04F79EFBC}") = "laboratorio_10", "laboratorio_10\laboratorio_10\laboratorio_10.csproj", "{9FAA724A-8708-4216-BAE5-6664B9CB4560}"
EndProject
Global
	GlobalSection(SolutionConfigurationPlatforms) = preSolution
		Debug|Any CPU = Debug|Any CPU
		Debug|iPhone = Debug|iPhone
		Debug|iPhoneSimulator = Debug|iPhoneSimulator
		Release|Any CPU = Release|Any CPU
		Release|iPhone = Release|iPhone
		Release|iPhoneSimulator = Release|iPhoneSimulator
	EndGlobalSection
	GlobalSection(ProjectConfigurationPlatforms) = postSolution
		{47A77C73-8D1C-474C-BE2C-655DE4BD3353}.Debug|Any CPU.ActiveCfg = Debug|Any CPU
		{47A77C73-8D1C-474C-BE2C-655DE4BD3353}.Debug|Any CPU.Build.0 = Debug|Any CPU
		{47A77C73-8D1C-474C-BE2C-655DE4BD3353}.Debug|Any CPU.Deploy.0 = Debug|Any CPU
		{47A77C73-8D1C-474C-BE2C-655DE4BD3353}.Debug|iPhone.ActiveCfg = Debug|Any CPU
		{47A77C73-8D1C-474C-BE2C-655DE4BD3353}.Debug|iPhone.Build.0 = Debug|Any CPU
		{47A77C73-8D1C-474C-BE2C-655DE4BD3353}.Debug|iPhone.Deploy.0 = Debug|Any CPU
		{47A77C73-8D1C-474C-BE2C-655DE4BD3353}.Debug|iPhoneSimulator.ActiveCfg = Debug|Any CPU
		{47A77C73-8D1C-474C-BE2C-655DE4BD3353}.Debug|iPhoneSimulator.Build.0 = Debug|Any CPU
		{47A77C73-8D1C-474C-BE2C-655DE4BD3353}.Debug|iPhoneSimulator.Deploy.0 = Debug|Any CPU
		{47A77C73-8D1C-474C-BE2C-655DE4BD3353}.Release|Any CPU.ActiveCfg = Release|Any CPU
		{47A77C73-8D1C-474C-BE2C-655DE4BD3353}.Release|Any CPU.Build.0 = Release|Any CPU
		{47A77C73-8D1C-474C-BE2C-655DE4BD3353}.Release|Any CPU.Deploy.0 = Release|Any CPU
		{47A77C73-8D1C-474C-BE2C-655DE4BD3353}.Release|iPhone.ActiveCfg = Release|Any CPU
		{47A77C73-8D1C-474C-BE2C-655DE4BD3353}.Release|iPhone.Build.0 = Release|Any CPU
		{47A77C73-8D1C-474C-BE2C-655DE4BD3353}.Release|iPhone.Deploy.0 = Release|Any CPU
		{47A77C73-8D1C-474C-BE2C-655DE4BD3353}.Release|iPhoneSimulator.ActiveCfg = Release|Any CPU
		{47A77C73-8D1C-474C-BE2C-655DE4BD3353}.Release|iPhoneSimulator.Build.0 = Release|Any CPU
		{47A77C73-8D1C-474C-BE2C-655DE4BD3353}.Release|iPhoneSimulator.Deploy.0 = Release|Any CPU
		{F1A6CB57-5244-4483-9D83-EF67DC3BC632}.Debug|Any CPU.ActiveCfg = Debug|iPhone
		{F1A6CB57-5244-4483-9D83-EF67DC3BC632}.Debug|Any CPU.Build.0 = Debug|iPhone
		{F1A6CB57-5244-4483-9D83-EF67DC3BC632}.Debug|Any CPU.Deploy.0 = Debug|iPhone
		{F1A6CB57-5244-4483-9D83-EF67DC3BC632}.Debug|iPhone.ActiveCfg = Debug|iPhone
		{F1A6CB57-5244-4483-9D83-EF67DC3BC632}.Debug|iPhone.Build.0 = Debug|iPhone
		{F1A6CB57-5244-4483-9D83-EF67DC3BC632}.Debug|iPhone.Deploy.0 = Debug|iPhone
		{F1A6CB57-5244-4483-9D83-EF67DC3BC632}.Debug|iPhoneSimulator.ActiveCfg = Debug|iPhoneSimulator
		{F1A6CB57-5244-4483-9D83-EF67DC3BC632}.Debug|iPhoneSimulator.Build.0 = Debug|iPhoneSimulator
		{F1A6CB57-5244-4483-9D83-EF67DC3BC632}.Debug|iPhoneSimulator.Deploy.0 = Debug|iPhoneSimulator
		{F1A6CB57-5244-4483-9D83-EF67DC3BC632}.Release|Any CPU.ActiveCfg = Release|iPhoneSimulator
		{F1A6CB57-5244-4483-9D83-EF67DC3BC632}.Release|Any CPU.Build.0 = Release|iPhoneSimulator
		{F1A6CB57-5244-4483-9D83-EF67DC3BC632}.Release|Any CPU.Deploy.0 = Release|iPhoneSimulator
		{F1A6CB57-5244-4483-9D83-EF67DC3BC632}.Release|iPhone.ActiveCfg = Release|iPhone
		{F1A6CB57-5244-4483-9D83-EF67DC3BC632}.Release|iPhone.Build.0 = Release|iPhone
		{F1A6CB57-5244-4483-9D83-EF67DC3BC632}.Release|iPhone.Deploy.0 = Release|iPhone
		{F1A6CB57-5244-4483-9D83-EF67DC3BC632}.Release|iPhoneSimulator.ActiveCfg = Release|iPhoneSimulator
		{F1A6CB57-5244-4483-9D83-EF67DC3BC632}.Release|iPhoneSimulator.Build.0 = Release|iPhoneSimulator
		{F1A6CB57-5244-4483-9D83-EF67DC3BC632}.Release|iPhoneSimulator.Deploy.0 = Release|iPhoneSimulator
		{9FAA724A-8708-4216-BAE5-6664B9CB4560}.Debug|Any CPU.ActiveCfg = Debug|Any CPU
		{9FAA724A-8708-4216-BAE5-6664B9CB4560}.Debug|Any CPU.Build.0 = Debug|Any CPU
		{9FAA724A-8708-4216-BAE5-6664B9CB4560}.Debug|Any CPU.Deploy.0 = Debug|Any CPU
		{9FAA724A-8708-4216-BAE5-6664B9CB4560}.Debug|iPhone.ActiveCfg = Debug|Any CPU
		{9FAA724A-8708-4216-BAE5-6664B9CB4560}.Debug|iPhone.Build.0 = Debug|Any CPU
		{9FAA724A-8708-4216-BAE5-6664B9CB4560}.Debug|iPhone.Deploy.0 = Debug|Any CPU
		{9FAA724A-8708-4216-BAE5-6664B9CB4560}.Debug|iPhoneSimulator.ActiveCfg = Debug|Any CPU
		{9FAA724A-8708-4216-BAE5-6664B9CB4560}.Debug|iPhoneSimulator.Build.0 = Debug|Any CPU
		{9FAA724A-8708-4216-BAE5-6664B9CB4560}.Debug|iPhoneSimulator.Deploy.0 = Debug|Any CPU
		{9FAA724A-8708-4216-BAE5-6664B9CB4560}.Release|Any CPU.ActiveCfg = Release|Any CPU
		{9FAA724A-8708-4216-BAE5-6664B9CB4560}.Release|Any CPU.Build.0 = Release|Any CPU
		{9FAA724A-8708-4216-BAE5-6664B9CB4560}.Release|Any CPU.Deploy.0 = Release|Any CPU
		{9FAA724A-8708-4216-BAE5-6664B9CB4560}.Release|iPhone.ActiveCfg = Release|Any CPU
		{9FAA724A-8708-4216-BAE5-6664B9CB4560}.Release|iPhone.Build.0 = Release|Any CPU
		{9FAA724A-8708-4216-BAE5-6664B9CB4560}.Release|iPhone.Deploy.0 = Release|Any CPU
		{9FAA724A-8708-4216-BAE5-6664B9CB4560}.Release|iPhoneSimulator.ActiveCfg = Release|Any CPU
		{9FAA724A-8708-4216-BAE5-6664B9CB4560}.Release|iPhoneSimulator.Build.0 = Release|Any CPU
		{9FAA724A-8708-4216-BAE5-6664B9CB4560}.Release|iPhoneSimulator.Deploy.0 = Release|Any CPU
	EndGlobalSection
	GlobalSection(SolutionProperties) = preSolution
		HideSolutionNode = FALSE
	EndGlobalSection
	GlobalSection(ExtensibilityGlobals) = postSolution
		SolutionGuid = {12536D32-106C-4555-9F9B-F87BBC078A60}
	EndGlobalSection
EndGlobal
